
Microsoft Visual Studio Solution File, Format Version 9.00
# Visual Studio 2005
Project("{FAE04EC0-301F-11D3-BF4B-00C04F79EFBC}") = "LizardKingStudios.SSIS.DataFlowTransforms.Spellingcheck", "LizardKingStudios.SSIS.DataFlowTransforms.Spellingcheck\LizardKingStudios.SSIS.DataFlowTransforms.Spellingcheck.csproj", "{F3548B79-437F-444E-B5B5-8C872968F4D3}"
EndProject
Global
	GlobalSection(SolutionConfigurationPlatforms) = preSolution
		Debug|Any CPU = Debug|Any CPU
		Release|Any CPU = Release|Any CPU
	EndGlobalSection
	GlobalSection(ProjectConfigurationPlatforms) = postSolution
		{F3548B79-437F-444E-B5B5-8C872968F4D3}.Debug|Any CPU.ActiveCfg = Debug|Any CPU
		{F3548B79-437F-444E-B5B5-8C872968F4D3}.Debug|Any CPU.Build.0 = Debug|Any CPU
		{F3548B79-437F-444E-B5B5-8C872968F4D3}.Release|Any CPU.ActiveCfg = Release|Any CPU
		{F3548B79-437F-444E-B5B5-8C872968F4D3}.Release|Any CPU.Build.0 = Release|Any CPU
	EndGlobalSection
	GlobalSection(SolutionProperties) = preSolution
		HideSolutionNode = FALSE
	EndGlobalSection
EndGlobal
